// !$*UTF8*$!
{
	archiveVersion = 1;
	classes = {
	};
	objectVersion = 56;
	objects = {

/* Begin PBXBuildFile section */
		1ACD1548296CD1FE00E72020 /* OneTwoThreeMathApp.swift in Sources */ = {isa = PBXBuildFile; fileRef = 1ACD1547296CD1FE00E72020 /* OneTwoThreeMathApp.swift */; };
		1ACD154A296CD1FE00E72020 /* ContentView.swift in Sources */ = {isa = PBXBuildFile; fileRef = 1ACD1549296CD1FE00E72020 /* ContentView.swift */; };
		1ACD154C296CD1FE00E72020 /* Assets.xcassets in Resources */ = {isa = PBXBuildFile; fileRef = 1ACD154B296CD1FE00E72020 /* Assets.xcassets */; };
		1ACD154F296CD1FE00E72020 /* Preview Assets.xcassets in Resources */ = {isa = PBXBuildFile; fileRef = 1ACD154E296CD1FE00E72020 /* Preview Assets.xcassets */; };
		1ACD156E296CD35200E72020 /* CongtentView.swift in Sources */ = {isa = PBXBuildFile; fileRef = 1ACD1567296CD35100E72020 /* CongtentView.swift */; };
		1ACD156F296CD35200E72020 /* UserInputView.swift in Sources */ = {isa = PBXBuildFile; fileRef = 1ACD1568296CD35100E72020 /* UserInputView.swift */; };
		1ACD1571296CD35200E72020 /* GamgeModel.swift in Sources */ = {isa = PBXBuildFile; fileRef = 1ACD156A296CD35200E72020 /* GamgeModel.swift */; };
		1ACD1572296CD35200E72020 /* MainMenu.swift in Sources */ = {isa = PBXBuildFile; fileRef = 1ACD156B296CD35200E72020 /* MainMenu.swift */; };
		1ACD1573296CD35200E72020 /* UsergView.swift in Sources */ = {isa = PBXBuildFile; fileRef = 1ACD156C296CD35200E72020 /* UsergView.swift */; };
		1ACD1574296CD35200E72020 /* GamgeView.swift in Sources */ = {isa = PBXBuildFile; fileRef = 1ACD156D296CD35200E72020 /* GamgeView.swift */; };
		1ACD1577296CD95300E72020 /* HomeView.swift in Sources */ = {isa = PBXBuildFile; fileRef = 1ACD1576296CD95300E72020 /* HomeView.swift */; };
		1ACD1579296CDC4F00E72020 /* UIComponents.swift in Sources */ = {isa = PBXBuildFile; fileRef = 1ACD1578296CDC4F00E72020 /* UIComponents.swift */; };
		1ACD157B296CDDB800E72020 /* PlayView.swift in Sources */ = {isa = PBXBuildFile; fileRef = 1ACD157A296CDDB800E72020 /* PlayView.swift */; };
		1ACD157D297757C500E72020 /* Chalk Circle.aif in Resources */ = {isa = PBXBuildFile; fileRef = 1ACD157C297757C500E72020 /* Chalk Circle.aif */; };
/* End PBXBuildFile section */

/* Begin PBXFileReference section */
		1ACD1544296CD1FE00E72020 /* OneTwoThreeMath.app */ = {isa = PBXFileReference; explicitFileType = wrapper.application; includeInIndex = 0; path = OneTwoThreeMath.app; sourceTree = BUILT_PRODUCTS_DIR; };
		1ACD1547296CD1FE00E72020 /* OneTwoThreeMathApp.swift */ = {isa = PBXFileReference; lastKnownFileType = sourcecode.swift; path = OneTwoThreeMathApp.swift; sourceTree = "<group>"; };
		1ACD1549296CD1FE00E72020 /* ContentView.swift */ = {isa = PBXFileReference; lastKnownFileType = sourcecode.swift; path = ContentView.swift; sourceTree = "<group>"; };
		1ACD154B296CD1FE00E72020 /* Assets.xcassets */ = {isa = PBXFileReference; lastKnownFileType = folder.assetcatalog; path = Assets.xcassets; sourceTree = "<group>"; };
		1ACD154E296CD1FE00E72020 /* Preview Assets.xcassets */ = {isa = PBXFileReference; lastKnownFileType = folder.assetcatalog; path = "Preview Assets.xcassets"; sourceTree = "<group>"; };
		1ACD1567296CD35100E72020 /* CongtentView.swift */ = {isa = PBXFileReference; fileEncoding = 4; lastKnownFileType = sourcecode.swift; path = CongtentView.swift; sourceTree = "<group>"; };
		1ACD1568296CD35100E72020 /* UserInputView.swift */ = {isa = PBXFileReference; fileEncoding = 4; lastKnownFileType = sourcecode.swift; path = UserInputView.swift; sourceTree = "<group>"; };
		1ACD156A296CD35200E72020 /* GamgeModel.swift */ = {isa = PBXFileReference; fileEncoding = 4; lastKnownFileType = sourcecode.swift; path = GamgeModel.swift; sourceTree = "<group>"; };
		1ACD156B296CD35200E72020 /* MainMenu.swift */ = {isa = PBXFileReference; fileEncoding = 4; lastKnownFileType = sourcecode.swift; path = MainMenu.swift; sourceTree = "<group>"; };
		1ACD156C296CD35200E72020 /* UsergView.swift */ = {isa = PBXFileReference; fileEncoding = 4; lastKnownFileType = sourcecode.swift; path = UsergView.swift; sourceTree = "<group>"; };
		1ACD156D296CD35200E72020 /* GamgeView.swift */ = {isa = PBXFileReference; fileEncoding = 4; lastKnownFileType = sourcecode.swift; path = GamgeView.swift; sourceTree = "<group>"; };
		1ACD1575296CD35800E72020 /* Chalkduster.ttf */ = {isa = PBXFileReference; lastKnownFileType = file; path = Chalkduster.ttf; sourceTree = "<group>"; };
		1ACD1576296CD95300E72020 /* HomeView.swift */ = {isa = PBXFileReference; lastKnownFileType = sourcecode.swift; path = HomeView.swift; sourceTree = "<group>"; };
		1ACD1578296CDC4F00E72020 /* UIComponents.swift */ = {isa = PBXFileReference; lastKnownFileType = sourcecode.swift; path = UIComponents.swift; sourceTree = "<group>"; };
		1ACD157A296CDDB800E72020 /* PlayView.swift */ = {isa = PBXFileReference; lastKnownFileType = sourcecode.swift; path = PlayView.swift; sourceTree = "<group>"; };
		1ACD157C297757C500E72020 /* Chalk Circle.aif */ = {isa = PBXFileReference; lastKnownFileType = file; path = "Chalk Circle.aif"; sourceTree = "<group>"; };
/* End PBXFileReference section */

/* Begin PBXFrameworksBuildPhase section */
		1ACD1541296CD1FE00E72020 /* Frameworks */ = {
			isa = PBXFrameworksBuildPhase;
			buildActionMask = 2147483647;
			files = (
			);
			runOnlyForDeploymentPostprocessing = 0;
		};
/* End PBXFrameworksBuildPhase section */

/* Begin PBXGroup section */
		1ACD153B296CD1FD00E72020 = {
			isa = PBXGroup;
			children = (
				1ACD1546296CD1FE00E72020 /* OneTwoThreeMath */,
				1ACD1545296CD1FE00E72020 /* Products */,
			);
			sourceTree = "<group>";
		};
		1ACD1545296CD1FE00E72020 /* Products */ = {
			isa = PBXGroup;
			children = (
				1ACD1544296CD1FE00E72020 /* OneTwoThreeMath.app */,
			);
			name = Products;
			sourceTree = "<group>";
		};
		1ACD1546296CD1FE00E72020 /* OneTwoThreeMath */ = {
			isa = PBXGroup;
			children = (
				1ACD1547296CD1FE00E72020 /* OneTwoThreeMathApp.swift */,
				1ACD1549296CD1FE00E72020 /* ContentView.swift */,
				1ACD1576296CD95300E72020 /* HomeView.swift */,
				1ACD157A296CDDB800E72020 /* PlayView.swift */,
				1ACD1578296CDC4F00E72020 /* UIComponents.swift */,
				1ACD1566296CD33600E72020 /* SUI Project */,
				1ACD154B296CD1FE00E72020 /* Assets.xcassets */,
				1ACD157C297757C500E72020 /* Chalk Circle.aif */,
				1ACD154D296CD1FE00E72020 /* Preview Content */,
			);
			path = OneTwoThreeMath;
			sourceTree = "<group>";
		};
		1ACD154D296CD1FE00E72020 /* Preview Content */ = {
			isa = PBXGroup;
			children = (
				1ACD154E296CD1FE00E72020 /* Preview Assets.xcassets */,
			);
			path = "Preview Content";
			sourceTree = "<group>";
		};
		1ACD1566296CD33600E72020 /* SUI Project */ = {
			isa = PBXGroup;
			children = (
				1ACD1567296CD35100E72020 /* CongtentView.swift */,
				1ACD156A296CD35200E72020 /* GamgeModel.swift */,
				1ACD156D296CD35200E72020 /* GamgeView.swift */,
				1ACD156B296CD35200E72020 /* MainMenu.swift */,
				1ACD1568296CD35100E72020 /* UserInputView.swift */,
				1ACD156C296CD35200E72020 /* UsergView.swift */,
				1ACD1575296CD35800E72020 /* Chalkduster.ttf */,
			);
			path = "SUI Project";
			sourceTree = "<group>";
		};
/* End PBXGroup section */

/* Begin PBXNativeTarget section */
		1ACD1543296CD1FE00E72020 /* OneTwoThreeMath */ = {
			isa = PBXNativeTarget;
			buildConfigurationList = 1ACD1552296CD1FE00E72020 /* Build configuration list for PBXNativeTarget "OneTwoThreeMath" */;
			buildPhases = (
				1ACD1540296CD1FE00E72020 /* Sources */,
				1ACD1541296CD1FE00E72020 /* Frameworks */,
				1ACD1542296CD1FE00E72020 /* Resources */,
			);
			buildRules = (
			);
			dependencies = (
			);
			name = OneTwoThreeMath;
			productName = OneTwoThreeMath;
			productReference = 1ACD1544296CD1FE00E72020 /* OneTwoThreeMath.app */;
			productType = "com.apple.product-type.application";
		};
/* End PBXNativeTarget section */

/* Begin PBXProject section */
		1ACD153C296CD1FD00E72020 /* Project object */ = {
			isa = PBXProject;
			attributes = {
				BuildIndependentTargetsInParallel = 1;
				LastSwiftUpdateCheck = 1420;
				LastUpgradeCheck = 1420;
				TargetAttributes = {
					1ACD1543296CD1FE00E72020 = {
						CreatedOnToolsVersion = 14.2;
					};
				};
			};
			buildConfigurationList = 1ACD153F296CD1FD00E72020 /* Build configuration list for PBXProject "OneTwoThreeMath" */;
			compatibilityVersion = "Xcode 14.0";
			developmentRegion = en;
			hasScannedForEncodings = 0;
			knownRegions = (
				en,
				Base,
			);
			mainGroup = 1ACD153B296CD1FD00E72020;
			productRefGroup = 1ACD1545296CD1FE00E72020 /* Products */;
			projectDirPath = "";
			projectRoot = "";
			targets = (
				1ACD1543296CD1FE00E72020 /* OneTwoThreeMath */,
			);
		};
/* End PBXProject section */

/* Begin PBXResourcesBuildPhase section */
		1ACD1542296CD1FE00E72020 /* Resources */ = {
			isa = PBXResourcesBuildPhase;
			buildActionMask = 2147483647;
			files = (
				1ACD154F296CD1FE00E72020 /* Preview Assets.xcassets in Resources */,
				1ACD154C296CD1FE00E72020 /* Assets.xcassets in Resources */,
				1ACD157D297757C500E72020 /* Chalk Circle.aif in Resources */,
			);
			runOnlyForDeploymentPostprocessing = 0;
		};
/* End PBXResourcesBuildPhase section */

/* Begin PBXSourcesBuildPhase section */
		1ACD1540296CD1FE00E72020 /* Sources */ = {
			isa = PBXSourcesBuildPhase;
			buildActionMask = 2147483647;
			files = (
				1ACD157B296CDDB800E72020 /* PlayView.swift in Sources */,
				1ACD1579296CDC4F00E72020 /* UIComponents.swift in Sources */,
				1ACD154A296CD1FE00E72020 /* ContentView.swift in Sources */,
				1ACD1577296CD95300E72020 /* HomeView.swift in Sources */,
				1ACD1548296CD1FE00E72020 /* OneTwoThreeMathApp.swift in Sources */,
				1ACD156E296CD35200E72020 /* CongtentView.swift in Sources */,
				1ACD1573296CD35200E72020 /* UsergView.swift in Sources */,
				1ACD1572296CD35200E72020 /* MainMenu.swift in Sources */,
				1ACD156F296CD35200E72020 /* UserInputView.swift in Sources */,
				1ACD1571296CD35200E72020 /* GamgeModel.swift in Sources */,
				1ACD1574296CD35200E72020 /* GamgeView.swift in Sources */,
			);
			runOnlyForDeploymentPostprocessing = 0;
		};
/* End PBXSourcesBuildPhase section */

/* Begin XCBuildConfiguration section */
		1ACD1550296CD1FE00E72020 /* Debug */ = {
			isa = XCBuildConfiguration;
			buildSettings = {
				ALWAYS_SEARCH_USER_PATHS = NO;
				CLANG_ANALYZER_NONNULL = YES;
				CLANG_ANALYZER_NUMBER_OBJECT_CONVERSION = YES_AGGRESSIVE;
				CLANG_CXX_LANGUAGE_STANDARD = "gnu++20";
				CLANG_ENABLE_MODULES = YES;
				CLANG_ENABLE_OBJC_ARC = YES;
				CLANG_ENABLE_OBJC_WEAK = YES;
				CLANG_WARN_BLOCK_CAPTURE_AUTORELEASING = YES;
				CLANG_WARN_BOOL_CONVERSION = YES;
				CLANG_WARN_COMMA = YES;
				CLANG_WARN_CONSTANT_CONVERSION = YES;
				CLANG_WARN_DEPRECATED_OBJC_IMPLEMENTATIONS = YES;
				CLANG_WARN_DIRECT_OBJC_ISA_USAGE = YES_ERROR;
				CLANG_WARN_DOCUMENTATION_COMMENTS = YES;
				CLANG_WARN_EMPTY_BODY = YES;
				CLANG_WARN_ENUM_CONVERSION = YES;
				CLANG_WARN_INFINITE_RECURSION = YES;
				CLANG_WARN_INT_CONVERSION = YES;
				CLANG_WARN_NON_LITERAL_NULL_CONVERSION = YES;
				CLANG_WARN_OBJC_IMPLICIT_RETAIN_SELF = YES;
				CLANG_WARN_OBJC_LITERAL_CONVERSION = YES;
				CLANG_WARN_OBJC_ROOT_CLASS = YES_ERROR;
				CLANG_WARN_QUOTED_INCLUDE_IN_FRAMEWORK_HEADER = YES;
				CLANG_WARN_RANGE_LOOP_ANALYSIS = YES;
				CLANG_WARN_STRICT_PROTOTYPES = YES;
				CLANG_WARN_SUSPICIOUS_MOVE = YES;
				CLANG_WARN_UNGUARDED_AVAILABILITY = YES_AGGRESSIVE;
				CLANG_WARN_UNREACHABLE_CODE = YES;
				CLANG_WARN__DUPLICATE_METHOD_MATCH = YES;
				COPY_PHASE_STRIP = NO;
				DEBUG_INFORMATION_FORMAT = dwarf;
				ENABLE_STRICT_OBJC_MSGSEND = YES;
				ENABLE_TESTABILITY = YES;
				GCC_C_LANGUAGE_STANDARD = gnu11;
				GCC_DYNAMIC_NO_PIC = NO;
				GCC_NO_COMMON_BLOCKS = YES;
				GCC_OPTIMIZATION_LEVEL = 0;
				GCC_PREPROCESSOR_DEFINITIONS = (
					"DEBUG=1",
					"$(inherited)",
				);
				GCC_WARN_64_TO_32_BIT_CONVERSION = YES;
				GCC_WARN_ABOUT_RETURN_TYPE = YES_ERROR;
				GCC_WARN_UNDECLARED_SELECTOR = YES;
				GCC_WARN_UNINITIALIZED_AUTOS = YES_AGGRESSIVE;
				GCC_WARN_UNUSED_FUNCTION = YES;
				GCC_WARN_UNUSED_VARIABLE = YES;
				IPHONEOS_DEPLOYMENT_TARGET = 16.2;
				MTL_ENABLE_DEBUG_INFO = INCLUDE_SOURCE;
				MTL_FAST_MATH = YES;
				ONLY_ACTIVE_ARCH = YES;
				SDKROOT = iphoneos;
				SWIFT_ACTIVE_COMPILATION_CONDITIONS = DEBUG;
				SWIFT_OPTIMIZATION_LEVEL = "-Onone";
			};
			name = Debug;
		};
		1ACD1551296CD1FE00E72020 /* Release */ = {
			isa = XCBuildConfiguration;
			buildSettings = {
				ALWAYS_SEARCH_USER_PATHS = NO;
				CLANG_ANALYZER_NONNULL = YES;
				CLANG_ANALYZER_NUMBER_OBJECT_CONVERSION = YES_AGGRESSIVE;
				CLANG_CXX_LANGUAGE_STANDARD = "gnu++20";
				CLANG_ENABLE_MODULES = YES;
				CLANG_ENABLE_OBJC_ARC = YES;
				CLANG_ENABLE_OBJC_WEAK = YES;
				CLANG_WARN_BLOCK_CAPTURE_AUTORELEASING = YES;
				CLANG_WARN_BOOL_CONVERSION = YES;
				CLANG_WARN_COMMA = YES;
				CLANG_WARN_CONSTANT_CONVERSION = YES;
				CLANG_WARN_DEPRECATED_OBJC_IMPLEMENTATIONS = YES;
				CLANG_WARN_DIRECT_OBJC_ISA_USAGE = YES_ERROR;
				CLANG_WARN_DOCUMENTATION_COMMENTS = YES;
				CLANG_WARN_EMPTY_BODY = YES;
				CLANG_WARN_ENUM_CONVERSION = YES;
				CLANG_WARN_INFINITE_RECURSION = YES;
				CLANG_WARN_INT_CONVERSION = YES;
				CLANG_WARN_NON_LITERAL_NULL_CONVERSION = YES;
				CLANG_WARN_OBJC_IMPLICIT_RETAIN_SELF = YES;
				CLANG_WARN_OBJC_LITERAL_CONVERSION = YES;
				CLANG_WARN_OBJC_ROOT_CLASS = YES_ERROR;
				CLANG_WARN_QUOTED_INCLUDE_IN_FRAMEWORK_HEADER = YES;
				CLANG_WARN_RANGE_LOOP_ANALYSIS = YES;
				CLANG_WARN_STRICT_PROTOTYPES = YES;
				CLANG_WARN_SUSPICIOUS_MOVE = YES;
				CLANG_WARN_UNGUARDED_AVAILABILITY = YES_AGGRESSIVE;
				CLANG_WARN_UNREACHABLE_CODE = YES;
				CLANG_WARN__DUPLICATE_METHOD_MATCH = YES;
				COPY_PHASE_STRIP = NO;
				DEBUG_INFORMATION_FORMAT = "dwarf-with-dsym";
				ENABLE_NS_ASSERTIONS = NO;
				ENABLE_STRICT_OBJC_MSGSEND = YES;
				GCC_C_LANGUAGE_STANDARD = gnu11;
				GCC_NO_COMMON_BLOCKS = YES;
				GCC_WARN_64_TO_32_BIT_CONVERSION = YES;
				GCC_WARN_ABOUT_RETURN_TYPE = YES_ERROR;
				GCC_WARN_UNDECLARED_SELECTOR = YES;
				GCC_WARN_UNINITIALIZED_AUTOS = YES_AGGRESSIVE;
				GCC_WARN_UNUSED_FUNCTION = YES;
				GCC_WARN_UNUSED_VARIABLE = YES;
				IPHONEOS_DEPLOYMENT_TARGET = 16.2;
				MTL_ENABLE_DEBUG_INFO = NO;
				MTL_FAST_MATH = YES;
				SDKROOT = iphoneos;
				SWIFT_COMPILATION_MODE = wholemodule;
				SWIFT_OPTIMIZATION_LEVEL = "-O";
				VALIDATE_PRODUCT = YES;
			};
			name = Release;
		};
		1ACD1553296CD1FE00E72020 /* Debug */ = {
			isa = XCBuildConfiguration;
			buildSettings = {
				ASSETCATALOG_COMPILER_APPICON_NAME = AppIcon;
				ASSETCATALOG_COMPILER_GLOBAL_ACCENT_COLOR_NAME = AccentColor;
				CODE_SIGN_STYLE = Automatic;
				CURRENT_PROJECT_VERSION = 1;
				DEVELOPMENT_ASSET_PATHS = "\"OneTwoThreeMath/Preview Content\"";
				DEVELOPMENT_TEAM = 5R6CF59GRY;
				ENABLE_PREVIEWS = YES;
				GENERATE_INFOPLIST_FILE = YES;
				INFOPLIST_KEY_UIApplicationSceneManifest_Generation = YES;
				INFOPLIST_KEY_UIApplicationSupportsIndirectInputEvents = YES;
				INFOPLIST_KEY_UILaunchScreen_Generation = YES;
				INFOPLIST_KEY_UISupportedInterfaceOrientations_iPad = "UIInterfaceOrientationPortrait UIInterfaceOrientationPortraitUpsideDown UIInterfaceOrientationLandscapeLeft UIInterfaceOrientationLandscapeRight";
				INFOPLIST_KEY_UISupportedInterfaceOrientations_iPhone = "UIInterfaceOrientationPortrait UIInterfaceOrientationLandscapeLeft UIInterfaceOrientationLandscapeRight";
				LD_RUNPATH_SEARCH_PATHS = (
					"$(inherited)",
					"@executable_path/Frameworks",
				);
				MARKETING_VERSION = 1.0;
				PRODUCT_BUNDLE_IDENTIFIER = shneakypete.OneTwoThreeMath;
				PRODUCT_NAME = "$(TARGET_NAME)";
				SWIFT_EMIT_LOC_STRINGS = YES;
				SWIFT_VERSION = 5.0;
				TARGETED_DEVICE_FAMILY = "1,2";
			};
			name = Debug;
		};
		1ACD1554296CD1FE00E72020 /* Release */ = {
			isa = XCBuildConfiguration;
			buildSettings = {
				ASSETCATALOG_COMPILER_APPICON_NAME = AppIcon;
				ASSETCATALOG_COMPILER_GLOBAL_ACCENT_COLOR_NAME = AccentColor;
				CODE_SIGN_STYLE = Automatic;
				CURRENT_PROJECT_VERSION = 1;
				DEVELOPMENT_ASSET_PATHS = "\"OneTwoThreeMath/Preview Content\"";
				DEVELOPMENT_TEAM = 5R6CF59GRY;
				ENABLE_PREVIEWS = YES;
				GENERATE_INFOPLIST_FILE = YES;
				INFOPLIST_KEY_UIApplicationSceneManifest_Generation = YES;
				INFOPLIST_KEY_UIApplicationSupportsIndirectInputEvents = YES;
				INFOPLIST_KEY_UILaunchScreen_Generation = YES;
				INFOPLIST_KEY_UISupportedInterfaceOrientations_iPad = "UIInterfaceOrientationPortrait UIInterfaceOrientationPortraitUpsideDown UIInterfaceOrientationLandscapeLeft UIInterfaceOrientationLandscapeRight";
				INFOPLIST_KEY_UISupportedInterfaceOrientations_iPhone = "UIInterfaceOrientationPortrait UIInterfaceOrientationLandscapeLeft UIInterfaceOrientationLandscapeRight";
				LD_RUNPATH_SEARCH_PATHS = (
					"$(inherited)",
					"@executable_path/Frameworks",
				);
				MARKETING_VERSION = 1.0;
				PRODUCT_BUNDLE_IDENTIFIER = shneakypete.OneTwoThreeMath;
				PRODUCT_NAME = "$(TARGET_NAME)";
				SWIFT_EMIT_LOC_STRINGS = YES;
				SWIFT_VERSION = 5.0;
				TARGETED_DEVICE_FAMILY = "1,2";
			};
			name = Release;
		};
/* End XCBuildConfiguration section */

/* Begin XCConfigurationList section */
		1ACD153F296CD1FD00E72020 /* Build configuration list for PBXProject "OneTwoThreeMath" */ = {
			isa = XCConfigurationList;
			buildConfigurations = (
				1ACD1550296CD1FE00E72020 /* Debug */,
				1ACD1551296CD1FE00E72020 /* Release */,
			);
			defaultConfigurationIsVisible = 0;
			defaultConfigurationName = Release;
		};
		1ACD1552296CD1FE00E72020 /* Build configuration list for PBXNativeTarget "OneTwoThreeMath" */ = {
			isa = XCConfigurationList;
			buildConfigurations = (
				1ACD1553296CD1FE00E72020 /* Debug */,
				1ACD1554296CD1FE00E72020 /* Release */,
			);
			defaultConfigurationIsVisible = 0;
			defaultConfigurationName = Release;
		};
/* End XCConfigurationList section */
	};
	rootObject = 1ACD153C296CD1FD00E72020 /* Project object */;
}
